
Microsoft Visual Studio Solution File, Format Version 12.00
# Visual Studio Version 16
VisualStudioVersion = 16.0.29519.87
MinimumVisualStudioVersion = 10.0.40219.1
Project("{9A19103F-16F7-4668-BE54-9A1E7A4F7556}") = "SociFilarmonicaApp", "SociFilarmonicaApp\SociFilarmonicaApp.csproj", "{A83CB442-829B-4BC9-9FC0-EC1178A5A55B}"
EndProject
Project("{FAE04EC0-301F-11D3-BF4B-00C04F79EFBC}") = "SociFilarmonicaDesktop", "SociFilarmonicaDesktop\SociFilarmonicaDesktop.csproj", "{EAC468A1-A387-4555-9FFA-34858271AC13}"
EndProject
Global
	GlobalSection(SolutionConfigurationPlatforms) = preSolution
		Debug|Any CPU = Debug|Any CPU
		Release|Any CPU = Release|Any CPU
	EndGlobalSection
	GlobalSection(ProjectConfigurationPlatforms) = postSolution
		{A83CB442-829B-4BC9-9FC0-EC1178A5A55B}.Debug|Any CPU.ActiveCfg = Debug|Any CPU
		{A83CB442-829B-4BC9-9FC0-EC1178A5A55B}.Debug|Any CPU.Build.0 = Debug|Any CPU
		{A83CB442-829B-4BC9-9FC0-EC1178A5A55B}.Release|Any CPU.ActiveCfg = Release|Any CPU
		{A83CB442-829B-4BC9-9FC0-EC1178A5A55B}.Release|Any CPU.Build.0 = Release|Any CPU
		{EAC468A1-A387-4555-9FFA-34858271AC13}.Debug|Any CPU.ActiveCfg = Debug|Any CPU
		{EAC468A1-A387-4555-9FFA-34858271AC13}.Debug|Any CPU.Build.0 = Debug|Any CPU
		{EAC468A1-A387-4555-9FFA-34858271AC13}.Release|Any CPU.ActiveCfg = Release|Any CPU
		{EAC468A1-A387-4555-9FFA-34858271AC13}.Release|Any CPU.Build.0 = Release|Any CPU
	EndGlobalSection
	GlobalSection(SolutionProperties) = preSolution
		HideSolutionNode = FALSE
	EndGlobalSection
	GlobalSection(ExtensibilityGlobals) = postSolution
		SolutionGuid = {903DC0B0-6E26-435A-949A-220952C80160}
	EndGlobalSection
EndGlobal
